
Microsoft Visual Studio Solution File, Format Version 12.00
# Visual Studio 15
Project("{FAE04EC0-301F-11D3-BF4B-00C04F79EFBC}") = "xQuares", "xQuares.csproj", "{A7B06C58-F1F6-97C3-C000-0CFF5CAE330B}"
EndProject
Global
	GlobalSection(SolutionConfigurationPlatforms) = preSolution
		Debug|Any CPU = Debug|Any CPU
		Release|Any CPU = Release|Any CPU
	EndGlobalSection
	GlobalSection(ProjectConfigurationPlatforms) = postSolution
		{A7B06C58-F1F6-97C3-C000-0CFF5CAE330B}.Debug|Any CPU.ActiveCfg = Debug|Any CPU
		{A7B06C58-F1F6-97C3-C000-0CFF5CAE330B}.Debug|Any CPU.Build.0 = Debug|Any CPU
		{A7B06C58-F1F6-97C3-C000-0CFF5CAE330B}.Release|Any CPU.ActiveCfg = Release|Any CPU
		{A7B06C58-F1F6-97C3-C000-0CFF5CAE330B}.Release|Any CPU.Build.0 = Release|Any CPU
	EndGlobalSection
	GlobalSection(SolutionProperties) = preSolution
		HideSolutionNode = FALSE
	EndGlobalSection
EndGlobal
